version: 1.0
shards:
  clicr:
    github: j8r/clicr
    version: 0.7.0

  digests:
    github: Hentioe/digests.cr
    commit: b62d1272fd204e1c72be58f8a8338c77a66e1e5c

  exception_page:
    github: crystal-loot/exception_page
    version: 0.1.2

  kemal:
    github: kemalcr/kemal
    version: 0.26.0

  kilt:
    github: jeromegn/kilt
    version: 0.4.0

  radix:
    github: luislavena/radix
    version: 0.3.9

  sam:
    github: imdrasil/sam.cr
    version: 0.3.1

